# This file is @generated by PDM.
# It is not intended for manual editing.

[metadata]
groups = ["default"]
strategy = ["inherit_metadata"]
lock_version = "4.5.0"
content_hash = "sha256:79cadadac910978912701b243f30137f3f721c2f8eec0a1bc9bfd436e52e12ca"

[[metadata.targets]]
requires_python = ">=3.13"

[[package]]
name = "anyio"
version = "4.9.0"
requires_python = ">=3.9"
summary = "High level compatibility layer for multiple asynchronous event loop implementations"
groups = ["default"]
dependencies = [
    "exceptiongroup>=1.0.2; python_version < \"3.11\"",
    "idna>=2.8",
    "sniffio>=1.1",
    "typing-extensions>=4.5; python_version < \"3.13\"",
]
files = [
    {file = "anyio-4.9.0-py3-none-any.whl", hash = "sha256:9f76d541cad6e36af7beb62e978876f3b41e3e04f2c1fbf0884604c0a9c4d93c"},
    {file = "anyio-4.9.0.tar.gz", hash = "sha256:673c0c244e15788651a4ff38710fea9675823028a6f08a5eda409e0c9840a028"},
]

[[package]]
name = "certifi"
version = "2025.6.15"
requires_python = ">=3.7"
summary = "Python package for providing Mozilla's CA Bundle."
groups = ["default"]
files = [
    {file = "certifi-2025.6.15-py3-none-any.whl", hash = "sha256:2e0c7ce7cb5d8f8634ca55d2ba7e6ec2689a2fd6537d8dec1296a477a4910057"},
    {file = "certifi-2025.6.15.tar.gz", hash = "sha256:d747aa5a8b9bbbb1bb8c22bb13e22bd1f18e9796defa16bab421f7f7a317323b"},
]

[[package]]
name = "charset-normalizer"
version = "3.4.2"
requires_python = ">=3.7"
summary = "The Real First Universal Charset Detector. Open, modern and actively maintained alternative to Chardet."
groups = ["default"]
files = [
    {file = "charset_normalizer-3.4.2-cp313-cp313-macosx_10_13_universal2.whl", hash = "sha256:926ca93accd5d36ccdabd803392ddc3e03e6d4cd1cf17deff3b989ab8e9dbcf0"},
    {file = "charset_normalizer-3.4.2-cp313-cp313-manylinux_2_17_aarch64.manylinux2014_aarch64.whl", hash = "sha256:eba9904b0f38a143592d9fc0e19e2df0fa2e41c3c3745554761c5f6447eedabf"},
    {file = "charset_normalizer-3.4.2-cp313-cp313-manylinux_2_17_ppc64le.manylinux2014_ppc64le.whl", hash = "sha256:3fddb7e2c84ac87ac3a947cb4e66d143ca5863ef48e4a5ecb83bd48619e4634e"},
    {file = "charset_normalizer-3.4.2-cp313-cp313-manylinux_2_17_s390x.manylinux2014_s390x.whl", hash = "sha256:98f862da73774290f251b9df8d11161b6cf25b599a66baf087c1ffe340e9bfd1"},
    {file = "charset_normalizer-3.4.2-cp313-cp313-manylinux_2_17_x86_64.manylinux2014_x86_64.whl", hash = "sha256:6c9379d65defcab82d07b2a9dfbfc2e95bc8fe0ebb1b176a3190230a3ef0e07c"},
    {file = "charset_normalizer-3.4.2-cp313-cp313-manylinux_2_5_i686.manylinux1_i686.manylinux_2_17_i686.manylinux2014_i686.whl", hash = "sha256:e635b87f01ebc977342e2697d05b56632f5f879a4f15955dfe8cef2448b51691"},
    {file = "charset_normalizer-3.4.2-cp313-cp313-musllinux_1_2_aarch64.whl", hash = "sha256:1c95a1e2902a8b722868587c0e1184ad5c55631de5afc0eb96bc4b0d738092c0"},
    {file = "charset_normalizer-3.4.2-cp313-cp313-musllinux_1_2_i686.whl", hash = "sha256:ef8de666d6179b009dce7bcb2ad4c4a779f113f12caf8dc77f0162c29d20490b"},
    {file = "charset_normalizer-3.4.2-cp313-cp313-musllinux_1_2_ppc64le.whl", hash = "sha256:32fc0341d72e0f73f80acb0a2c94216bd704f4f0bce10aedea38f30502b271ff"},
    {file = "charset_normalizer-3.4.2-cp313-cp313-musllinux_1_2_s390x.whl", hash = "sha256:289200a18fa698949d2b39c671c2cc7a24d44096784e76614899a7ccf2574b7b"},
    {file = "charset_normalizer-3.4.2-cp313-cp313-musllinux_1_2_x86_64.whl", hash = "sha256:4a476b06fbcf359ad25d34a057b7219281286ae2477cc5ff5e3f70a246971148"},
    {file = "charset_normalizer-3.4.2-cp313-cp313-win32.whl", hash = "sha256:aaeeb6a479c7667fbe1099af9617c83aaca22182d6cf8c53966491a0f1b7ffb7"},
    {file = "charset_normalizer-3.4.2-cp313-cp313-win_amd64.whl", hash = "sha256:aa6af9e7d59f9c12b33ae4e9450619cf2488e2bbe9b44030905877f0b2324980"},
    {file = "charset_normalizer-3.4.2-py3-none-any.whl", hash = "sha256:7f56930ab0abd1c45cd15be65cc741c28b1c9a34876ce8c17a2fa107810c0af0"},
    {file = "charset_normalizer-3.4.2.tar.gz", hash = "sha256:5baececa9ecba31eff645232d59845c07aa030f0c81ee70184a90d35099a0e63"},
]

[[package]]
name = "click"
version = "8.2.1"
requires_python = ">=3.10"
summary = "Composable command line interface toolkit"
groups = ["default"]
dependencies = [
    "colorama; platform_system == \"Windows\"",
]
files = [
    {file = "click-8.2.1-py3-none-any.whl", hash = "sha256:61a3265b914e850b85317d0b3109c7f8cd35a670f963866005d6ef1d5175a12b"},
    {file = "click-8.2.1.tar.gz", hash = "sha256:27c491cc05d968d271d5a1db13e3b5a184636d9d930f148c50b038f0d0646202"},
]

[[package]]
name = "colorama"
version = "0.4.6"
requires_python = "!=3.0.*,!=3.1.*,!=3.2.*,!=3.3.*,!=3.4.*,!=3.5.*,!=3.6.*,>=2.7"
summary = "Cross-platform colored terminal text."
groups = ["default"]
marker = "platform_system == \"Windows\""
files = [
    {file = "colorama-0.4.6-py2.py3-none-any.whl", hash = "sha256:4f1d9991f5acc0ca119f9d443620b77f9d6b33703e51011c16baf57afb285fc6"},
    {file = "colorama-0.4.6.tar.gz", hash = "sha256:08695f5cb7ed6e0531a20572697297273c47b8cae5a63ffc6d6ed5c201be6e44"},
]

[[package]]
name = "cython"
version = "3.0.11"
requires_python = "!=3.0.*,!=3.1.*,!=3.2.*,!=3.3.*,>=2.7"
summary = "The Cython compiler for writing C extensions in the Python language."
groups = ["default"]
files = [
    {file = "Cython-3.0.11-cp313-cp313-macosx_10_13_x86_64.whl", hash = "sha256:4341d6a64d47112884e0bcf31e6c075268220ee4cd02223047182d4dda94d637"},
    {file = "Cython-3.0.11-cp313-cp313-manylinux_2_17_aarch64.manylinux2014_aarch64.whl", hash = "sha256:351955559b37e6c98b48aecb178894c311be9d731b297782f2b78d111f0c9015"},
    {file = "Cython-3.0.11-cp313-cp313-manylinux_2_17_x86_64.manylinux2014_x86_64.whl", hash = "sha256:9c02361af9bfa10ff1ccf967fc75159e56b1c8093caf565739ed77a559c1f29f"},
    {file = "Cython-3.0.11-cp313-cp313-manylinux_2_5_i686.manylinux1_i686.manylinux_2_17_i686.manylinux2014_i686.whl", hash = "sha256:6823aef13669a32caf18bbb036de56065c485d9f558551a9b55061acf9c4c27f"},
    {file = "Cython-3.0.11-cp313-cp313-musllinux_1_2_aarch64.whl", hash = "sha256:6fb68cef33684f8cc97987bee6ae919eee7e18ee6a3ad7ed9516b8386ef95ae6"},
    {file = "Cython-3.0.11-cp313-cp313-musllinux_1_2_x86_64.whl", hash = "sha256:790263b74432cb997740d73665f4d8d00b9cd1cecbdd981d93591ddf993d4f12"},
    {file = "Cython-3.0.11-cp313-cp313-win32.whl", hash = "sha256:e6dd395d1a704e34a9fac00b25f0036dce6654c6b898be6f872ac2bb4f2eda48"},
    {file = "Cython-3.0.11-cp313-cp313-win_amd64.whl", hash = "sha256:52186101d51497519e99b60d955fd5cb3bf747c67f00d742e70ab913f1e42d31"},
    {file = "Cython-3.0.11-py2.py3-none-any.whl", hash = "sha256:0e25f6425ad4a700d7f77cd468da9161e63658837d1bc34861a9861a4ef6346d"},
    {file = "cython-3.0.11.tar.gz", hash = "sha256:7146dd2af8682b4ca61331851e6aebce9fe5158e75300343f80c07ca80b1faff"},
]

[[package]]
name = "faker"
version = "37.4.0"
requires_python = ">=3.9"
summary = "Faker is a Python package that generates fake data for you."
groups = ["default"]
dependencies = [
    "tzdata",
]
files = [
    {file = "faker-37.4.0-py3-none-any.whl", hash = "sha256:cb81c09ebe06c32a10971d1bbdb264bb0e22b59af59548f011ac4809556ce533"},
    {file = "faker-37.4.0.tar.gz", hash = "sha256:7f69d579588c23d5ce671f3fa872654ede0e67047820255f43a4aa1925b89780"},
]

[[package]]
name = "h11"
version = "0.16.0"
requires_python = ">=3.8"
summary = "A pure-Python, bring-your-own-I/O implementation of HTTP/1.1"
groups = ["default"]
files = [
    {file = "h11-0.16.0-py3-none-any.whl", hash = "sha256:63cf8bbe7522de3bf65932fda1d9c2772064ffb3dae62d55932da54b31cb6c86"},
    {file = "h11-0.16.0.tar.gz", hash = "sha256:4e35b956cf45792e4caa5885e69fba00bdbc6ffafbfa020300e549b208ee5ff1"},
]

[[package]]
name = "httpcore"
version = "1.0.9"
requires_python = ">=3.8"
summary = "A minimal low-level HTTP client."
groups = ["default"]
dependencies = [
    "certifi",
    "h11>=0.16",
]
files = [
    {file = "httpcore-1.0.9-py3-none-any.whl", hash = "sha256:2d400746a40668fc9dec9810239072b40b4484b640a8c38fd654a024c7a1bf55"},
    {file = "httpcore-1.0.9.tar.gz", hash = "sha256:6e34463af53fd2ab5d807f399a9b45ea31c3dfa2276f15a2c3f00afff6e176e8"},
]

[[package]]
name = "httpx"
version = "0.28.1"
requires_python = ">=3.8"
summary = "The next generation HTTP client."
groups = ["default"]
dependencies = [
    "anyio",
    "certifi",
    "httpcore==1.*",
    "idna",
]
files = [
    {file = "httpx-0.28.1-py3-none-any.whl", hash = "sha256:d909fcccc110f8c7faf814ca82a9a4d816bc5a6dbfea25d6591d6985b8ba59ad"},
    {file = "httpx-0.28.1.tar.gz", hash = "sha256:75e98c5f16b0f35b567856f597f06ff2270a374470a5c2392242528e3e3e42fc"},
]

[[package]]
name = "idna"
version = "3.10"
requires_python = ">=3.6"
summary = "Internationalized Domain Names in Applications (IDNA)"
groups = ["default"]
files = [
    {file = "idna-3.10-py3-none-any.whl", hash = "sha256:946d195a0d259cbba61165e88e65941f16e9b36ea6ddb97f00452bae8b1287d3"},
    {file = "idna-3.10.tar.gz", hash = "sha256:12f65c9b470abda6dc35cf8e63cc574b1c52b11df2c86030af0ac09b01b13ea9"},
]

[[package]]
name = "jh2"
version = "5.0.9"
requires_python = ">=3.7"
summary = "HTTP/2 State-Machine based protocol implementation"
groups = ["default"]
files = [
    {file = "jh2-5.0.9-cp313-cp313t-macosx_10_12_x86_64.macosx_11_0_arm64.macosx_10_12_universal2.whl", hash = "sha256:7d9d4d83fbf75362d0986ee4305ec85eb06ed124e299d38af5ed4eb20ed0cc74"},
    {file = "jh2-5.0.9-cp313-cp313t-manylinux_2_17_aarch64.manylinux2014_aarch64.whl", hash = "sha256:20b3d8eb3469c2c368cced0da918b4e8ff8e91f2a48810b8242dd8a8ff0de0da"},
    {file = "jh2-5.0.9-cp313-cp313t-manylinux_2_17_armv7l.manylinux2014_armv7l.whl", hash = "sha256:d6802287d937f2cdb7ff8ca47c7994d4f8c06b7f0b67f138b8a3152de3c624cf"},
    {file = "jh2-5.0.9-cp313-cp313t-manylinux_2_17_ppc64.manylinux2014_ppc64.whl", hash = "sha256:4bed27b58c97ceb8dcdba6506ba266f39d67736ee5ab33ad19573d983b4969d3"},
    {file = "jh2-5.0.9-cp313-cp313t-manylinux_2_17_ppc64le.manylinux2014_ppc64le.whl", hash = "sha256:cb843586cac2e0663804777ca5efa5d7b565bcd824da9b2ee1e98cfbd7d8382a"},
    {file = "jh2-5.0.9-cp313-cp313t-manylinux_2_17_s390x.manylinux2014_s390x.whl", hash = "sha256:fec6c5019a22848d092fcfc63cccee76b64ec7b1c7d5495b0b524c17327917ff"},
    {file = "jh2-5.0.9-cp313-cp313t-manylinux_2_17_x86_64.manylinux2014_x86_64.whl", hash = "sha256:1a52ef916d076842ba1252fc9d0fe78ec0ea93d4b2985ae46b3b0f05e6b3348f"},
    {file = "jh2-5.0.9-cp313-cp313t-manylinux_2_5_i686.manylinux1_i686.whl", hash = "sha256:88db9078be359ccdea973c99ab88a0312012d40fe2878ff106dfe3fe918bf5b2"},
    {file = "jh2-5.0.9-cp313-cp313t-musllinux_1_1_aarch64.whl", hash = "sha256:601f8a1ac81e2a4d830acd6d1d248b32e9e34a6d3dc0987f7b0af60c1427dc4b"},
    {file = "jh2-5.0.9-cp313-cp313t-musllinux_1_1_armv7l.whl", hash = "sha256:162396cc26bdab52818b9c2926fe75533b0dc6dfc0db90779807159eff896c22"},
    {file = "jh2-5.0.9-cp313-cp313t-musllinux_1_1_i686.whl", hash = "sha256:b02dfe24a1c4b2169e182d12a0b52516809fb608252dc384d437b99ef4b84de0"},
    {file = "jh2-5.0.9-cp313-cp313t-musllinux_1_1_x86_64.whl", hash = "sha256:1e9ff345926c4ac650acea101463b4f8468f5069dda136366585ff7ce4aac38c"},
    {file = "jh2-5.0.9-cp313-cp313t-win32.whl", hash = "sha256:2f2f8fba36fd9c9463cc55a27957735f46e9b4d3551d4bb7fd9539749d141647"},
    {file = "jh2-5.0.9-cp313-cp313t-win_amd64.whl", hash = "sha256:66ca52ffdfd19e16f2a05b3761a013337b2d937385be52ebbeec6906dc68b316"},
    {file = "jh2-5.0.9-cp313-cp313t-win_arm64.whl", hash = "sha256:5fb48c8cb7b24a1f4122de052a482bec46e58626cf3f1fd0ca0accbd9fd97d3c"},
    {file = "jh2-5.0.9-cp37-abi3-macosx_10_12_x86_64.macosx_11_0_arm64.macosx_10_12_universal2.whl", hash = "sha256:e852f812ea8323e269722653ba1bef6a9e5b9e496d5c8e52178b83d3ae435791"},
    {file = "jh2-5.0.9-cp37-abi3-manylinux_2_17_aarch64.manylinux2014_aarch64.whl", hash = "sha256:e2fea0793376ab9aeb3258d1c192e0ceebd9b51a2f699379224d4f2ca473645d"},
    {file = "jh2-5.0.9-cp37-abi3-manylinux_2_17_armv7l.manylinux2014_armv7l.whl", hash = "sha256:6639f549083a17a902fa51116882962708f2e44180cebd0d311548383fbfa616"},
    {file = "jh2-5.0.9-cp37-abi3-manylinux_2_17_ppc64.manylinux2014_ppc64.whl", hash = "sha256:c725e40e881b8e35381a4d2667f4c3ad978929fb890c1822f8524e3d6846ad49"},
    {file = "jh2-5.0.9-cp37-abi3-manylinux_2_17_ppc64le.manylinux2014_ppc64le.whl", hash = "sha256:9c6cc4f3d4d237184030ffd3721a8f59fde97f5f1cdab1547d2bb0b093250427"},
    {file = "jh2-5.0.9-cp37-abi3-manylinux_2_17_s390x.manylinux2014_s390x.whl", hash = "sha256:c90c141a4edd6ac99780b77abe7132d48d5e0fee7741ba2e217a53a503833441"},
    {file = "jh2-5.0.9-cp37-abi3-manylinux_2_17_x86_64.manylinux2014_x86_64.whl", hash = "sha256:ba2de41d4946fb2ddde7af9b55b31fba0f8c6a26f15d7e281e59221337d6b37d"},
    {file = "jh2-5.0.9-cp37-abi3-manylinux_2_5_i686.manylinux1_i686.whl", hash = "sha256:8aa82f946aebf69b38f0537fb51577284d0caa351ce096a0401ed27129ae9b3c"},
    {file = "jh2-5.0.9-cp37-abi3-musllinux_1_1_aarch64.whl", hash = "sha256:7bb2e761ce3692e54a2c61b8e57f0abdd970a653114ca5c3a12acae4f167199d"},
    {file = "jh2-5.0.9-cp37-abi3-musllinux_1_1_armv7l.whl", hash = "sha256:ad37a22911f1e87b53b236efd02dcf17c23dd7de87b0f079e971a14d33c0866c"},
    {file = "jh2-5.0.9-cp37-abi3-musllinux_1_1_i686.whl", hash = "sha256:6d1d55d29fdb8721b6d590cd5167c2d78d94ee0020e3bd2887cefeae90b4f3b5"},
    {file = "jh2-5.0.9-cp37-abi3-musllinux_1_1_x86_64.whl", hash = "sha256:db35002d92896783277c88d3aac6b9d33cdd65f2323dc786100a661723cf442f"},
    {file = "jh2-5.0.9-cp37-abi3-win32.whl", hash = "sha256:e7bb595e9d9eeeef45d630766fd3d8c926a25b907631fc0f36411f5f576bb960"},
    {file = "jh2-5.0.9-cp37-abi3-win_amd64.whl", hash = "sha256:40276a7aec8f1c3e8f9363d58ce8e6272e8c8bb6253cb9a602aa8023e359c977"},
    {file = "jh2-5.0.9-cp37-abi3-win_arm64.whl", hash = "sha256:ce5707b2876e421080fdfb9d89752a1d111f57d8f3cddba57c24d93f17aa2074"},
    {file = "jh2-5.0.9-py3-none-any.whl", hash = "sha256:a54d437f3bd120f0d2971ea990e665d3487e252f2453618fd98196404a04f90b"},
    {file = "jh2-5.0.9.tar.gz", hash = "sha256:bec06ebc7d37beba62503c955d90580cfa1e5fff2b44f05cebecf2378b7f54b1"},
]

[[package]]
name = "litestar"
version = "2.16.0"
requires_python = "<4.0,>=3.8"
summary = "Litestar - A production-ready, highly performant, extensible ASGI API Framework"
groups = ["default"]
dependencies = [
    "anyio>=3",
    "click",
    "exceptiongroup; python_version < \"3.11\"",
    "exceptiongroup>=1.2.2; python_version < \"3.11\"",
    "httpx>=0.22",
    "importlib-metadata; python_version < \"3.10\"",
    "importlib-resources>=5.12.0; python_version < \"3.9\"",
    "litestar-htmx>=0.4.0",
    "msgspec>=0.18.2",
    "multidict>=6.0.2",
    "multipart>=1.2.0",
    "polyfactory>=2.6.3",
    "pyyaml",
    "rich-click",
    "rich>=13.0.0",
    "typing-extensions",
]
files = [
    {file = "litestar-2.16.0-py3-none-any.whl", hash = "sha256:8a48557198556f01d3d70da3859a471aa56595a4a344362d9529ed65804e3ee4"},
    {file = "litestar-2.16.0.tar.gz", hash = "sha256:f65c0d543bfec12b7433dff624322936f30bbdfb54ad3c5b7ef22ab2d092be2d"},
]

[[package]]
name = "litestar-htmx"
version = "0.5.0"
requires_python = "<4.0,>=3.9"
summary = "HTMX Integration for Litestar"
groups = ["default"]
files = [
    {file = "litestar_htmx-0.5.0-py3-none-any.whl", hash = "sha256:92833aa47e0d0e868d2a7dbfab75261f124f4b83d4f9ad12b57b9a68f86c50e6"},
    {file = "litestar_htmx-0.5.0.tar.gz", hash = "sha256:e02d1a3a92172c874835fa3e6749d65ae9fc626d0df46719490a16293e2146fb"},
]

[[package]]
name = "markdown-it-py"
version = "3.0.0"
requires_python = ">=3.8"
summary = "Python port of markdown-it. Markdown parsing, done right!"
groups = ["default"]
dependencies = [
    "mdurl~=0.1",
]
files = [
    {file = "markdown-it-py-3.0.0.tar.gz", hash = "sha256:e3f60a94fa066dc52ec76661e37c851cb232d92f9886b15cb560aaada2df8feb"},
    {file = "markdown_it_py-3.0.0-py3-none-any.whl", hash = "sha256:355216845c60bd96232cd8d8c40e8f9765cc86f46880e43a8fd22dc1a1a8cab1"},
]

[[package]]
name = "mdurl"
version = "0.1.2"
requires_python = ">=3.7"
summary = "Markdown URL utilities"
groups = ["default"]
files = [
    {file = "mdurl-0.1.2-py3-none-any.whl", hash = "sha256:84008a41e51615a49fc9966191ff91509e3c40b939176e643fd50a5c2196b8f8"},
    {file = "mdurl-0.1.2.tar.gz", hash = "sha256:bb413d29f5eea38f31dd4754dd7377d4465116fb207585f97bf925588687c1ba"},
]

[[package]]
name = "msgspec"
version = "0.19.0"
requires_python = ">=3.9"
summary = "A fast serialization and validation library, with builtin support for JSON, MessagePack, YAML, and TOML."
groups = ["default"]
files = [
    {file = "msgspec-0.19.0-cp313-cp313-macosx_10_13_x86_64.whl", hash = "sha256:f12d30dd6266557aaaf0aa0f9580a9a8fbeadfa83699c487713e355ec5f0bd86"},
    {file = "msgspec-0.19.0-cp313-cp313-macosx_11_0_arm64.whl", hash = "sha256:82b2c42c1b9ebc89e822e7e13bbe9d17ede0c23c187469fdd9505afd5a481314"},
    {file = "msgspec-0.19.0-cp313-cp313-manylinux_2_17_aarch64.manylinux2014_aarch64.whl", hash = "sha256:19746b50be214a54239aab822964f2ac81e38b0055cca94808359d779338c10e"},
    {file = "msgspec-0.19.0-cp313-cp313-manylinux_2_17_x86_64.manylinux2014_x86_64.whl", hash = "sha256:60ef4bdb0ec8e4ad62e5a1f95230c08efb1f64f32e6e8dd2ced685bcc73858b5"},
    {file = "msgspec-0.19.0-cp313-cp313-musllinux_1_2_aarch64.whl", hash = "sha256:ac7f7c377c122b649f7545810c6cd1b47586e3aa3059126ce3516ac7ccc6a6a9"},
    {file = "msgspec-0.19.0-cp313-cp313-musllinux_1_2_x86_64.whl", hash = "sha256:a5bc1472223a643f5ffb5bf46ccdede7f9795078194f14edd69e3aab7020d327"},
    {file = "msgspec-0.19.0-cp313-cp313-win_amd64.whl", hash = "sha256:317050bc0f7739cb30d257ff09152ca309bf5a369854bbf1e57dffc310c1f20f"},
    {file = "msgspec-0.19.0.tar.gz", hash = "sha256:604037e7cd475345848116e89c553aa9a233259733ab51986ac924ab1b976f8e"},
]

[[package]]
name = "multidict"
version = "6.5.0"
requires_python = ">=3.9"
summary = "multidict implementation"
groups = ["default"]
dependencies = [
    "typing-extensions>=4.1.0; python_version < \"3.11\"",
]
files = [
    {file = "multidict-6.5.0-cp313-cp313-macosx_10_13_universal2.whl", hash = "sha256:53d92df1752df67a928fa7f884aa51edae6f1cf00eeb38cbcf318cf841c17456"},
    {file = "multidict-6.5.0-cp313-cp313-macosx_10_13_x86_64.whl", hash = "sha256:680210de2c38eef17ce46b8df8bf2c1ece489261a14a6e43c997d49843a27c99"},
    {file = "multidict-6.5.0-cp313-cp313-macosx_11_0_arm64.whl", hash = "sha256:e279259bcb936732bfa1a8eec82b5d2352b3df69d2fa90d25808cfc403cee90a"},
    {file = "multidict-6.5.0-cp313-cp313-manylinux_2_17_aarch64.manylinux2014_aarch64.whl", hash = "sha256:d1c185fc1069781e3fc8b622c4331fb3b433979850392daa5efbb97f7f9959bb"},
    {file = "multidict-6.5.0-cp313-cp313-manylinux_2_17_armv7l.manylinux2014_armv7l.manylinux_2_31_armv7l.whl", hash = "sha256:6bb5f65ff91daf19ce97f48f63585e51595539a8a523258b34f7cef2ec7e0617"},
    {file = "multidict-6.5.0-cp313-cp313-manylinux_2_17_ppc64le.manylinux2014_ppc64le.whl", hash = "sha256:d8646b4259450c59b9286db280dd57745897897284f6308edbdf437166d93855"},
    {file = "multidict-6.5.0-cp313-cp313-manylinux_2_17_s390x.manylinux2014_s390x.whl", hash = "sha256:d245973d4ecc04eea0a8e5ebec7882cf515480036e1b48e65dffcfbdf86d00be"},
    {file = "multidict-6.5.0-cp313-cp313-manylinux_2_17_x86_64.manylinux2014_x86_64.whl", hash = "sha256:a133e7ddc9bc7fb053733d0ff697ce78c7bf39b5aec4ac12857b6116324c8d75"},
    {file = "multidict-6.5.0-cp313-cp313-manylinux_2_5_i686.manylinux1_i686.manylinux_2_17_i686.manylinux2014_i686.whl", hash = "sha256:80d696fa38d738fcebfd53eec4d2e3aeb86a67679fd5e53c325756682f152826"},
    {file = "multidict-6.5.0-cp313-cp313-musllinux_1_2_aarch64.whl", hash = "sha256:20d30c9410ac3908abbaa52ee5967a754c62142043cf2ba091e39681bd51d21a"},
    {file = "multidict-6.5.0-cp313-cp313-musllinux_1_2_armv7l.whl", hash = "sha256:6c65068cc026f217e815fa519d8e959a7188e94ec163ffa029c94ca3ef9d4a73"},
    {file = "multidict-6.5.0-cp313-cp313-musllinux_1_2_i686.whl", hash = "sha256:e355ac668a8c3e49c2ca8daa4c92f0ad5b705d26da3d5af6f7d971e46c096da7"},
    {file = "multidict-6.5.0-cp313-cp313-musllinux_1_2_ppc64le.whl", hash = "sha256:08db204213d0375a91a381cae0677ab95dd8c67a465eb370549daf6dbbf8ba10"},
    {file = "multidict-6.5.0-cp313-cp313-musllinux_1_2_s390x.whl", hash = "sha256:ffa58e3e215af8f6536dc837a990e456129857bb6fd546b3991be470abd9597a"},
    {file = "multidict-6.5.0-cp313-cp313-musllinux_1_2_x86_64.whl", hash = "sha256:3e86eb90015c6f21658dbd257bb8e6aa18bdb365b92dd1fba27ec04e58cdc31b"},
    {file = "multidict-6.5.0-cp313-cp313-win32.whl", hash = "sha256:f34a90fbd9959d0f857323bd3c52b3e6011ed48f78d7d7b9e04980b8a41da3af"},
    {file = "multidict-6.5.0-cp313-cp313-win_amd64.whl", hash = "sha256:fcb2aa79ac6aef8d5b709bbfc2fdb1d75210ba43038d70fbb595b35af470ce06"},
    {file = "multidict-6.5.0-cp313-cp313-win_arm64.whl", hash = "sha256:6dcee5e7e92060b4bb9bb6f01efcbb78c13d0e17d9bc6eec71660dd71dc7b0c2"},
    {file = "multidict-6.5.0-cp313-cp313t-macosx_10_13_universal2.whl", hash = "sha256:cbbc88abea2388fde41dd574159dec2cda005cb61aa84950828610cb5010f21a"},
    {file = "multidict-6.5.0-cp313-cp313t-macosx_10_13_x86_64.whl", hash = "sha256:70b599f70ae6536e5976364d3c3cf36f40334708bd6cebdd1e2438395d5e7676"},
    {file = "multidict-6.5.0-cp313-cp313t-macosx_11_0_arm64.whl", hash = "sha256:828bab777aa8d29d59700018178061854e3a47727e0611cb9bec579d3882de3b"},
    {file = "multidict-6.5.0-cp313-cp313t-manylinux_2_17_aarch64.manylinux2014_aarch64.whl", hash = "sha256:a9695fc1462f17b131c111cf0856a22ff154b0480f86f539d24b2778571ff94d"},
    {file = "multidict-6.5.0-cp313-cp313t-manylinux_2_17_armv7l.manylinux2014_armv7l.manylinux_2_31_armv7l.whl", hash = "sha256:0b5ac6ebaf5d9814b15f399337ebc6d3a7f4ce9331edd404e76c49a01620b68d"},
    {file = "multidict-6.5.0-cp313-cp313t-manylinux_2_17_ppc64le.manylinux2014_ppc64le.whl", hash = "sha256:84a51e3baa77ded07be4766a9e41d977987b97e49884d4c94f6d30ab6acaee14"},
    {file = "multidict-6.5.0-cp313-cp313t-manylinux_2_17_s390x.manylinux2014_s390x.whl", hash = "sha256:8de67f79314d24179e9b1869ed15e88d6ba5452a73fc9891ac142e0ee018b5d6"},
    {file = "multidict-6.5.0-cp313-cp313t-manylinux_2_17_x86_64.manylinux2014_x86_64.whl", hash = "sha256:17f78a52c214481d30550ec18208e287dfc4736f0c0148208334b105fd9e0887"},
    {file = "multidict-6.5.0-cp313-cp313t-manylinux_2_5_i686.manylinux1_i686.manylinux_2_17_i686.manylinux2014_i686.whl", hash = "sha256:2966d0099cb2e2039f9b0e73e7fd5eb9c85805681aa2a7f867f9d95b35356921"},
    {file = "multidict-6.5.0-cp313-cp313t-musllinux_1_2_aarch64.whl", hash = "sha256:86fb42ed5ed1971c642cc52acc82491af97567534a8e381a8d50c02169c4e684"},
    {file = "multidict-6.5.0-cp313-cp313t-musllinux_1_2_armv7l.whl", hash = "sha256:4e990cbcb6382f9eae4ec720bcac6a1351509e6fc4a5bb70e4984b27973934e6"},
    {file = "multidict-6.5.0-cp313-cp313t-musllinux_1_2_i686.whl", hash = "sha256:d99a59d64bb1f7f2117bec837d9e534c5aeb5dcedf4c2b16b9753ed28fdc20a3"},
    {file = "multidict-6.5.0-cp313-cp313t-musllinux_1_2_ppc64le.whl", hash = "sha256:e8ef15cc97c9890212e1caf90f0d63f6560e1e101cf83aeaf63a57556689fb34"},
    {file = "multidict-6.5.0-cp313-cp313t-musllinux_1_2_s390x.whl", hash = "sha256:b8a09aec921b34bd8b9f842f0bcfd76c6a8c033dc5773511e15f2d517e7e1068"},
    {file = "multidict-6.5.0-cp313-cp313t-musllinux_1_2_x86_64.whl", hash = "sha256:ff07b504c23b67f2044533244c230808a1258b3493aaf3ea2a0785f70b7be461"},
    {file = "multidict-6.5.0-cp313-cp313t-win32.whl", hash = "sha256:9232a117341e7e979d210e41c04e18f1dc3a1d251268df6c818f5334301274e1"},
    {file = "multidict-6.5.0-cp313-cp313t-win_amd64.whl", hash = "sha256:44cb5c53fb2d4cbcee70a768d796052b75d89b827643788a75ea68189f0980a1"},
    {file = "multidict-6.5.0-cp313-cp313t-win_arm64.whl", hash = "sha256:51d33fafa82640c0217391d4ce895d32b7e84a832b8aee0dcc1b04d8981ec7f4"},
    {file = "multidict-6.5.0-py3-none-any.whl", hash = "sha256:5634b35f225977605385f56153bd95a7133faffc0ffe12ad26e10517537e8dfc"},
    {file = "multidict-6.5.0.tar.gz", hash = "sha256:942bd8002492ba819426a8d7aefde3189c1b87099cdf18aaaefefcf7f3f7b6d2"},
]

[[package]]
name = "multipart"
version = "1.2.1"
requires_python = ">=3.8"
summary = "Parser for multipart/form-data"
groups = ["default"]
files = [
    {file = "multipart-1.2.1-py3-none-any.whl", hash = "sha256:c03dc203bc2e67f6b46a599467ae0d87cf71d7530504b2c1ff4a9ea21d8b8c8c"},
    {file = "multipart-1.2.1.tar.gz", hash = "sha256:829b909b67bc1ad1c6d4488fcdc6391c2847842b08323addf5200db88dbe9480"},
]

[[package]]
name = "niquests"
version = "3.14.1"
requires_python = ">=3.7"
summary = "Niquests is a simple, yet elegant, HTTP library. It is a drop-in replacement for Requests, which is under feature freeze."
groups = ["default"]
dependencies = [
    "charset-normalizer<4,>=2",
    "urllib3-future<3,>=2.12.900",
    "wassima<2,>=1.0.1",
]
files = [
    {file = "niquests-3.14.1-py3-none-any.whl", hash = "sha256:c5cdc126862090b09030addc23b6bbf06dbd433a4c7c70ddf6657638153bc367"},
    {file = "niquests-3.14.1.tar.gz", hash = "sha256:f1dbf2c028223e97839f5b467f875376a014abf51e8f9b284be799fc9a10791c"},
]

[[package]]
name = "polyfactory"
version = "2.21.0"
requires_python = "<4.0,>=3.8"
summary = "Mock data generation factories"
groups = ["default"]
dependencies = [
    "faker>=5.0.0",
    "typing-extensions>=4.6.0",
]
files = [
    {file = "polyfactory-2.21.0-py3-none-any.whl", hash = "sha256:9483b764756c8622313d99f375889b1c0d92f09affb05742d7bcfa2b5198d8c5"},
    {file = "polyfactory-2.21.0.tar.gz", hash = "sha256:a6d8dba91b2515d744cc014b5be48835633f7ccb72519a68f8801759e5b1737a"},
]

[[package]]
name = "pygments"
version = "2.19.1"
requires_python = ">=3.8"
summary = "Pygments is a syntax highlighting package written in Python."
groups = ["default"]
files = [
    {file = "pygments-2.19.1-py3-none-any.whl", hash = "sha256:9ea1544ad55cecf4b8242fab6dd35a93bbce657034b0611ee383099054ab6d8c"},
    {file = "pygments-2.19.1.tar.gz", hash = "sha256:61c16d2a8576dc0649d9f39e089b5f02bcd27fba10d8fb4dcc28173f7a45151f"},
]

[[package]]
name = "pyyaml"
version = "6.0.2"
requires_python = ">=3.8"
summary = "YAML parser and emitter for Python"
groups = ["default"]
files = [
    {file = "PyYAML-6.0.2-cp313-cp313-macosx_10_13_x86_64.whl", hash = "sha256:efdca5630322a10774e8e98e1af481aad470dd62c3170801852d752aa7a783ba"},
    {file = "PyYAML-6.0.2-cp313-cp313-macosx_11_0_arm64.whl", hash = "sha256:50187695423ffe49e2deacb8cd10510bc361faac997de9efef88badc3bb9e2d1"},
    {file = "PyYAML-6.0.2-cp313-cp313-manylinux_2_17_aarch64.manylinux2014_aarch64.whl", hash = "sha256:0ffe8360bab4910ef1b9e87fb812d8bc0a308b0d0eef8c8f44e0254ab3b07133"},
    {file = "PyYAML-6.0.2-cp313-cp313-manylinux_2_17_s390x.manylinux2014_s390x.whl", hash = "sha256:17e311b6c678207928d649faa7cb0d7b4c26a0ba73d41e99c4fff6b6c3276484"},
    {file = "PyYAML-6.0.2-cp313-cp313-manylinux_2_17_x86_64.manylinux2014_x86_64.whl", hash = "sha256:70b189594dbe54f75ab3a1acec5f1e3faa7e8cf2f1e08d9b561cb41b845f69d5"},
    {file = "PyYAML-6.0.2-cp313-cp313-musllinux_1_1_aarch64.whl", hash = "sha256:41e4e3953a79407c794916fa277a82531dd93aad34e29c2a514c2c0c5fe971cc"},
    {file = "PyYAML-6.0.2-cp313-cp313-musllinux_1_1_x86_64.whl", hash = "sha256:68ccc6023a3400877818152ad9a1033e3db8625d899c72eacb5a668902e4d652"},
    {file = "PyYAML-6.0.2-cp313-cp313-win32.whl", hash = "sha256:bc2fa7c6b47d6bc618dd7fb02ef6fdedb1090ec036abab80d4681424b84c1183"},
    {file = "PyYAML-6.0.2-cp313-cp313-win_amd64.whl", hash = "sha256:8388ee1976c416731879ac16da0aff3f63b286ffdd57cdeb95f3f2e085687563"},
    {file = "pyyaml-6.0.2.tar.gz", hash = "sha256:d584d9ec91ad65861cc08d42e834324ef890a082e591037abe114850ff7bbc3e"},
]

[[package]]
name = "qh3"
version = "1.5.3"
requires_python = ">=3.7"
summary = "A lightway and fast implementation of QUIC and HTTP/3"
groups = ["default"]
marker = "(platform_system == \"Darwin\" or platform_system == \"Windows\" or platform_system == \"Linux\") and platform_python_implementation == \"PyPy\" and (platform_machine == \"x86_64\" or platform_machine == \"s390x\" or platform_machine == \"armv7l\" or platform_machine == \"ppc64le\" or platform_machine == \"ppc64\" or platform_machine == \"AMD64\" or platform_machine == \"aarch64\" or platform_machine == \"arm64\" or platform_machine == \"ARM64\" or platform_machine == \"x86\" or platform_machine == \"i686\") and python_version < \"3.12\" or (platform_system == \"Darwin\" or platform_system == \"Windows\" or platform_system == \"Linux\") and python_full_version > \"3.7.10\" and (platform_machine == \"x86_64\" or platform_machine == \"s390x\" or platform_machine == \"armv7l\" or platform_machine == \"ppc64le\" or platform_machine == \"ppc64\" or platform_machine == \"AMD64\" or platform_machine == \"aarch64\" or platform_machine == \"arm64\" or platform_machine == \"ARM64\" or platform_machine == \"x86\" or platform_machine == \"i686\") and platform_python_implementation == \"CPython\""
files = [
    {file = "qh3-1.5.3-cp313-cp313t-macosx_10_12_x86_64.macosx_11_0_arm64.macosx_10_12_universal2.whl", hash = "sha256:32c29b39783c0300db22e1d26b53a452c283d7c4fcb44d868363efc3072b1cfe"},
    {file = "qh3-1.5.3-cp313-cp313t-manylinux_2_17_aarch64.manylinux2014_aarch64.whl", hash = "sha256:257150ff8c6b11ab361230dd3933ad371f190c2ec802a78b60afe6f96ca1e42e"},
    {file = "qh3-1.5.3-cp313-cp313t-manylinux_2_17_armv7l.manylinux2014_armv7l.whl", hash = "sha256:a8b47ecdf8799bdfbd02c2b7355bb02c2137bdc4946c3680374db3e638ca4fcd"},
    {file = "qh3-1.5.3-cp313-cp313t-manylinux_2_17_i686.manylinux2014_i686.whl", hash = "sha256:ca06d3ce6821840a633bc8e086b70b7407b8c130137d3451040f06ded43a3c16"},
    {file = "qh3-1.5.3-cp313-cp313t-manylinux_2_17_ppc64.manylinux2014_ppc64.whl", hash = "sha256:f075589775e4d64edd19ca11a4d79d8700b64193b2e70b7741ab64376eb1ae43"},
    {file = "qh3-1.5.3-cp313-cp313t-manylinux_2_17_ppc64le.manylinux2014_ppc64le.whl", hash = "sha256:0f11b8886d9dc441bd0142307821a5f01910241354b385c59d53991e7abca4da"},
    {file = "qh3-1.5.3-cp313-cp313t-manylinux_2_17_s390x.manylinux2014_s390x.whl", hash = "sha256:b7d0f961aaafd801de508270b1c689449b39b4f0fddc2a619e443b278f246b74"},
    {file = "qh3-1.5.3-cp313-cp313t-manylinux_2_17_x86_64.manylinux2014_x86_64.whl", hash = "sha256:d89aaa9bcccedf9f1b5eada43f35c3c8711ef9e1e5f89ef773008df2cad4b217"},
    {file = "qh3-1.5.3-cp313-cp313t-musllinux_1_1_aarch64.whl", hash = "sha256:e1657a6d3b6fea73c65e1a43b74a5b4188bb19a99ddaebde980e30e1602c6bf5"},
    {file = "qh3-1.5.3-cp313-cp313t-musllinux_1_1_armv7l.whl", hash = "sha256:db74647056d4e17ff8825275b041f631603ec1fd22a1df56eabf3d61f3efaff6"},
    {file = "qh3-1.5.3-cp313-cp313t-musllinux_1_1_i686.whl", hash = "sha256:fa057b86214a70835ffdadd89ad88826f3546833ad4513f3b9cae64aa6dd9287"},
    {file = "qh3-1.5.3-cp313-cp313t-musllinux_1_1_x86_64.whl", hash = "sha256:40fbf5bc900bb6a05b7fe48cee948693848e48e3314decb15a6a2a0a2e13c38b"},
    {file = "qh3-1.5.3-cp313-cp313t-win32.whl", hash = "sha256:61797d8e4285343c55a38e8d917290bfaaf69c95a7fcb81609d33d954c710941"},
    {file = "qh3-1.5.3-cp313-cp313t-win_amd64.whl", hash = "sha256:61a90ff90d28616babd4e8676069cf59d8737963b51915ff0b95426237f92db0"},
    {file = "qh3-1.5.3-cp313-cp313t-win_arm64.whl", hash = "sha256:d1ce1e36ec51568a57377b116c32c99c657109cd2c59ebd3d5501ecc0036491c"},
    {file = "qh3-1.5.3-cp37-abi3-macosx_10_12_x86_64.macosx_11_0_arm64.macosx_10_12_universal2.whl", hash = "sha256:930ae418244dbe9e2c0673125e9f9f6675df50d376592db18cb2a79ee3deab76"},
    {file = "qh3-1.5.3-cp37-abi3-manylinux_2_17_aarch64.manylinux2014_aarch64.whl", hash = "sha256:7051d1b3d68b63bd71d71e095dffa0ae116697f20bd673a9e9e6181b5df6fbb0"},
    {file = "qh3-1.5.3-cp37-abi3-manylinux_2_17_armv7l.manylinux2014_armv7l.whl", hash = "sha256:41d2664203776a65c1d635a8596a23d5f86971f4ea41a69995c510dd9be19814"},
    {file = "qh3-1.5.3-cp37-abi3-manylinux_2_17_i686.manylinux2014_i686.whl", hash = "sha256:d86a242c0127b43488cc1861491efd1b7770c736f3b3ffe837cf1bfcec701bcf"},
    {file = "qh3-1.5.3-cp37-abi3-manylinux_2_17_ppc64.manylinux2014_ppc64.whl", hash = "sha256:b5a047441389d2a6cfabf14e697c58313d9d1bde1fe874410e56bd5129ffe0a4"},
    {file = "qh3-1.5.3-cp37-abi3-manylinux_2_17_ppc64le.manylinux2014_ppc64le.whl", hash = "sha256:e9cbfcb72546e15c7ea2b6078d5aa63bb2819e9d743dd7c35efdfa9e0d12d713"},
    {file = "qh3-1.5.3-cp37-abi3-manylinux_2_17_s390x.manylinux2014_s390x.whl", hash = "sha256:3309114f23500d13500051fb2ab8dcaa2c17b1491fc93aa61b3126f0420bf29b"},
    {file = "qh3-1.5.3-cp37-abi3-manylinux_2_17_x86_64.manylinux2014_x86_64.whl", hash = "sha256:335b9b9a714ee9b50398ee13d6f55e6d37035ad92267df9f65ceb0bc9e326e0d"},
    {file = "qh3-1.5.3-cp37-abi3-musllinux_1_1_aarch64.whl", hash = "sha256:a14fb272cd70b41c485bc7b712926bbfd05f876b384b75aa2bcdb44a25ced249"},
    {file = "qh3-1.5.3-cp37-abi3-musllinux_1_1_armv7l.whl", hash = "sha256:0ade17ecbd5cb54185c65e85d6f9a3d1ea293a0d2c6210864ba98e73646e0683"},
    {file = "qh3-1.5.3-cp37-abi3-musllinux_1_1_i686.whl", hash = "sha256:0d40c1bc0309b072f57fd0c152d2c922d7711d21b5c3060607855b74ff129c38"},
    {file = "qh3-1.5.3-cp37-abi3-musllinux_1_1_x86_64.whl", hash = "sha256:c9f3c79122bbcdd7251ca8b3faa31aeabc1fc790146f74383b81606c9c65229d"},
    {file = "qh3-1.5.3-cp37-abi3-win32.whl", hash = "sha256:360b768c997965cf68766bde4fc80545da4e472ba3c404935b66b2cb088c0c0d"},
    {file = "qh3-1.5.3-cp37-abi3-win_amd64.whl", hash = "sha256:d6ef6b21690c716e2af4ebd791b46e428c62d519225f6314ee486bb7ae80d3ee"},
    {file = "qh3-1.5.3.tar.gz", hash = "sha256:ad873abae5c87a01763f17ae06c3aa77bd4bf3f8e4d4529174f9b2f3854d383f"},
]

[[package]]
name = "rich"
version = "14.0.0"
requires_python = ">=3.8.0"
summary = "Render rich text, tables, progress bars, syntax highlighting, markdown and more to the terminal"
groups = ["default"]
dependencies = [
    "markdown-it-py>=2.2.0",
    "pygments<3.0.0,>=2.13.0",
    "typing-extensions<5.0,>=4.0.0; python_version < \"3.11\"",
]
files = [
    {file = "rich-14.0.0-py3-none-any.whl", hash = "sha256:1c9491e1951aac09caffd42f448ee3d04e58923ffe14993f6e83068dc395d7e0"},
    {file = "rich-14.0.0.tar.gz", hash = "sha256:82f1bc23a6a21ebca4ae0c45af9bdbc492ed20231dcb63f297d6d1021a9d5725"},
]

[[package]]
name = "rich-click"
version = "1.8.9"
requires_python = ">=3.7"
summary = "Format click help output nicely with rich"
groups = ["default"]
dependencies = [
    "click>=7",
    "importlib-metadata; python_version < \"3.8\"",
    "rich>=10.7",
    "typing-extensions>=4",
]
files = [
    {file = "rich_click-1.8.9-py3-none-any.whl", hash = "sha256:c3fa81ed8a671a10de65a9e20abf642cfdac6fdb882db1ef465ee33919fbcfe2"},
    {file = "rich_click-1.8.9.tar.gz", hash = "sha256:fd98c0ab9ddc1cf9c0b7463f68daf28b4d0033a74214ceb02f761b3ff2af3136"},
]

[[package]]
name = "selectolax"
version = "0.3.30"
requires_python = ">=3.9"
summary = "Fast HTML5 parser with CSS selectors."
groups = ["default"]
dependencies = [
    "Cython==3.0.11",
]
files = [
    {file = "selectolax-0.3.30-cp313-cp313-macosx_10_13_x86_64.whl", hash = "sha256:96b119dcc5b998ea97b5e3968c6260033ebe49f9ff188f0b956d5b0a3cefd05b"},
    {file = "selectolax-0.3.30-cp313-cp313-macosx_11_0_arm64.whl", hash = "sha256:5aa53b803fd22f70ee79017c22c0eb2df9dc0effcbb90db83517ca89f6357c13"},
    {file = "selectolax-0.3.30-cp313-cp313-manylinux2014_aarch64.manylinux_2_17_aarch64.manylinux_2_28_aarch64.whl", hash = "sha256:c96b41946b6ea5778b437c3e823d813e6a79644788a497e64e980c3454b021eb"},
    {file = "selectolax-0.3.30-cp313-cp313-manylinux2014_x86_64.manylinux_2_17_x86_64.manylinux_2_28_x86_64.whl", hash = "sha256:a32541fcccd442bba53ab11478037504e9f414fdbff7aa7eb4e3ee6b4ba38f4f"},
    {file = "selectolax-0.3.30-cp313-cp313-win_amd64.whl", hash = "sha256:8b9d4546b598f2d7ad05ef38f086c10ac9e3809f432810d162ea99563b42f300"},
    {file = "selectolax-0.3.30-cp313-cp313-win_arm64.whl", hash = "sha256:fffd61187f92c0749cfc02d8085a24db0245e623a8329f0376e5c1d41c921c66"},
    {file = "selectolax-0.3.30.tar.gz", hash = "sha256:2a1790ae1d88adfe54845627de62390301107cad331f63e2020f90ffe5a56a4a"},
]

[[package]]
name = "sniffio"
version = "1.3.1"
requires_python = ">=3.7"
summary = "Sniff out which async library your code is running under"
groups = ["default"]
files = [
    {file = "sniffio-1.3.1-py3-none-any.whl", hash = "sha256:2f6da418d1f1e0fddd844478f41680e794e6051915791a034ff65e5f100525a2"},
    {file = "sniffio-1.3.1.tar.gz", hash = "sha256:f4324edc670a0f49750a81b895f35c3adb843cca46f0530f79fc1babb23789dc"},
]

[[package]]
name = "typing-extensions"
version = "4.14.0"
requires_python = ">=3.9"
summary = "Backported and Experimental Type Hints for Python 3.9+"
groups = ["default"]
files = [
    {file = "typing_extensions-4.14.0-py3-none-any.whl", hash = "sha256:a1514509136dd0b477638fc68d6a91497af5076466ad0fa6c338e44e359944af"},
    {file = "typing_extensions-4.14.0.tar.gz", hash = "sha256:8676b788e32f02ab42d9e7c61324048ae4c6d844a399eebace3d4979d75ceef4"},
]

[[package]]
name = "tzdata"
version = "2025.2"
requires_python = ">=2"
summary = "Provider of IANA time zone data"
groups = ["default"]
files = [
    {file = "tzdata-2025.2-py2.py3-none-any.whl", hash = "sha256:1a403fada01ff9221ca8044d701868fa132215d84beb92242d9acd2147f667a8"},
    {file = "tzdata-2025.2.tar.gz", hash = "sha256:b60a638fcc0daffadf82fe0f57e53d06bdec2f36c4df66280ae79bce6bd6f2b9"},
]

[[package]]
name = "urllib3-future"
version = "2.12.922"
requires_python = ">=3.7"
summary = "urllib3.future is a powerful HTTP 1.1, 2, and 3 client with both sync and async interfaces"
groups = ["default"]
dependencies = [
    "h11<1.0.0,>=0.11.0",
    "jh2<6.0.0,>=5.0.3",
    "qh3<2.0.0,>=1.2.0; (platform_system == \"Darwin\" or platform_system == \"Windows\" or platform_system == \"Linux\") and platform_python_implementation == \"PyPy\" and (platform_machine == \"x86_64\" or platform_machine == \"s390x\" or platform_machine == \"armv7l\" or platform_machine == \"ppc64le\" or platform_machine == \"ppc64\" or platform_machine == \"AMD64\" or platform_machine == \"aarch64\" or platform_machine == \"arm64\" or platform_machine == \"ARM64\" or platform_machine == \"x86\" or platform_machine == \"i686\") and python_version < \"3.12\" or (platform_system == \"Darwin\" or platform_system == \"Windows\" or platform_system == \"Linux\") and python_full_version > \"3.7.10\" and (platform_machine == \"x86_64\" or platform_machine == \"s390x\" or platform_machine == \"armv7l\" or platform_machine == \"ppc64le\" or platform_machine == \"ppc64\" or platform_machine == \"AMD64\" or platform_machine == \"aarch64\" or platform_machine == \"arm64\" or platform_machine == \"ARM64\" or platform_machine == \"x86\" or platform_machine == \"i686\") and platform_python_implementation == \"CPython\"",
]
files = [
    {file = "urllib3_future-2.12.922-py3-none-any.whl", hash = "sha256:5127b8cec47bd165084de1991801c8746bda8889ec919e108fcd777f6fdadaa8"},
    {file = "urllib3_future-2.12.922.tar.gz", hash = "sha256:4cb9424398993016383b600ba20881217f10a99c45acac60019ffb0dd007bc8a"},
]

[[package]]
name = "wassima"
version = "1.2.2"
requires_python = ">=3.7"
summary = "Access your OS root certificates with utmost ease"
groups = ["default"]
dependencies = [
    "certifi; python_full_version < \"3.7.10\" or platform_machine != \"AMD64\" and platform_machine != \"ARM64\" and platform_machine != \"aarch64\" and platform_machine != \"arm64\" and platform_machine != \"armv7l\" and platform_machine != \"i686\" and platform_machine != \"ppc64\" and platform_machine != \"ppc64le\" and platform_machine != \"s390x\" and platform_machine != \"x86\" and platform_machine != \"x86_64\" or (platform_machine == \"x86_64\" or platform_machine == \"s390x\" or platform_machine == \"armv7l\" or platform_machine == \"ppc64le\" or platform_machine == \"ppc64\" or platform_machine == \"AMD64\" or platform_machine == \"aarch64\" or platform_machine == \"arm64\" or platform_machine == \"ARM64\" or platform_machine == \"x86\" or platform_machine == \"i686\") and platform_python_implementation != \"CPython\" or (platform_system != \"Darwin\" and platform_system != \"Linux\" and platform_system != \"Windows\") and (platform_machine == \"x86_64\" or platform_machine == \"s390x\" or platform_machine == \"armv7l\" or platform_machine == \"ppc64le\" or platform_machine == \"ppc64\" or platform_machine == \"AMD64\" or platform_machine == \"aarch64\" or platform_machine == \"arm64\" or platform_machine == \"ARM64\" or platform_machine == \"x86\" or platform_machine == \"i686\")",
]
files = [
    {file = "wassima-1.2.2-cp313-cp313t-manylinux_2_17_aarch64.manylinux2014_aarch64.whl", hash = "sha256:134e863b692c35afe8f5ccbe8082fa39963804e20439a4c7aa98510197034704"},
    {file = "wassima-1.2.2-cp313-cp313t-manylinux_2_17_armv7l.manylinux2014_armv7l.whl", hash = "sha256:57a0ab5aed596f129fd4ea7584336b11fbef25c07d1351e37a959901dea8728e"},
    {file = "wassima-1.2.2-cp313-cp313t-manylinux_2_17_ppc64.manylinux2014_ppc64.whl", hash = "sha256:b22e356914e606ff398c002b9925df4454c5deca9dbe55b3ba4a5c9b2365cf0f"},
    {file = "wassima-1.2.2-cp313-cp313t-manylinux_2_17_ppc64le.manylinux2014_ppc64le.whl", hash = "sha256:597b0d8ba697f4319bc1f301ed31630ca783c9fe82d2a2434dd2f7f709c4e394"},
    {file = "wassima-1.2.2-cp313-cp313t-manylinux_2_17_s390x.manylinux2014_s390x.whl", hash = "sha256:98bdfdf734144277132f34f770eeb6b0db2c4de87415f34b178adee766632f24"},
    {file = "wassima-1.2.2-cp313-cp313t-manylinux_2_17_x86_64.manylinux2014_x86_64.whl", hash = "sha256:a634b9b79e059f45a56ff3ef6e7241662bc6f0e5a096ee6eed6770ea368e8278"},
    {file = "wassima-1.2.2-cp313-cp313t-manylinux_2_5_i686.manylinux1_i686.whl", hash = "sha256:7db25328c40cd574e5a68ef6507c5af4d1fa2a44cb3c028ff9ca6b522f8faf32"},
    {file = "wassima-1.2.2-cp313-cp313t-musllinux_1_1_aarch64.whl", hash = "sha256:12c855cc5b96a2ac32d405ab7de1563fc91be54108b4fb16b06d125d07ea892b"},
    {file = "wassima-1.2.2-cp313-cp313t-musllinux_1_1_armv7l.whl", hash = "sha256:52f473233ec4d57322c6295e85b3912dc1fc400d6308a04bd427b863934aa74e"},
    {file = "wassima-1.2.2-cp313-cp313t-musllinux_1_1_i686.whl", hash = "sha256:fa1f38d5583d283b40f998e2f13471bfa952e0c423ff95ec2ec329f3e1898107"},
    {file = "wassima-1.2.2-cp313-cp313t-musllinux_1_1_x86_64.whl", hash = "sha256:98f38b1b01e6f270b9279d76261d6f222b72ef06b025cbd4911b962bb6de4c98"},
    {file = "wassima-1.2.2-cp313-cp313t-win_amd64.whl", hash = "sha256:b8c0f50397c51086df941b48057c82f85d9da000bf4fe6f4bc64c4f649b26a5b"},
    {file = "wassima-1.2.2-cp313-cp313t-win_arm64.whl", hash = "sha256:556cded582aef3089de889b5a6efcf6d87fabfec55d574fcc3a4ada21308d487"},
    {file = "wassima-1.2.2-cp37-abi3-macosx_10_12_x86_64.macosx_11_0_arm64.macosx_10_12_universal2.whl", hash = "sha256:18bc78b2230c6f1f9ddbeb6ca38439fea4cc8f60836af4f3538ed259e60e5eb8"},
    {file = "wassima-1.2.2-cp37-abi3-manylinux_2_17_aarch64.manylinux2014_aarch64.whl", hash = "sha256:a470c908fd9baaecf41715ea3c30c57b530d598ae5e9de7e0bd532755e66bb1b"},
    {file = "wassima-1.2.2-cp37-abi3-manylinux_2_17_armv7l.manylinux2014_armv7l.whl", hash = "sha256:c7429d038dc383966c692e752010cbb4d5dab0e515f231aa01cd746aed9db359"},
    {file = "wassima-1.2.2-cp37-abi3-manylinux_2_17_ppc64.manylinux2014_ppc64.whl", hash = "sha256:3e00fa8ff1aef7d8aad2e1b957add6cba8549a42e415400bd72ff1b61dc9da9d"},
    {file = "wassima-1.2.2-cp37-abi3-manylinux_2_17_ppc64le.manylinux2014_ppc64le.whl", hash = "sha256:c139d5b103bb1f085d8918815d62ad946224a658ac1a7cc1b93dc44bd498ff9a"},
    {file = "wassima-1.2.2-cp37-abi3-manylinux_2_17_s390x.manylinux2014_s390x.whl", hash = "sha256:ee6ccb8197936a308a4034c90a42b30b37c46b7cbda66101d439d6983f59b368"},
    {file = "wassima-1.2.2-cp37-abi3-manylinux_2_17_x86_64.manylinux2014_x86_64.whl", hash = "sha256:24bdb1a2b90c215e11ed7ce82ed7eada339c7dca8e0366916e4e3215b3b9d8d3"},
    {file = "wassima-1.2.2-cp37-abi3-manylinux_2_5_i686.manylinux1_i686.whl", hash = "sha256:6d23e9483756b81850b82e8b7ed20fd23de22b50d6a678f765c660d4206b7ce9"},
    {file = "wassima-1.2.2-cp37-abi3-musllinux_1_1_aarch64.whl", hash = "sha256:eea9c37b45e73cebb4670afd1779db138eeff0f84ffc0871d2fb90c04c8d3aa8"},
    {file = "wassima-1.2.2-cp37-abi3-musllinux_1_1_armv7l.whl", hash = "sha256:6b7d696155ddd7ab5739ac221e8854115d0d8171bbf805074d9484083de386aa"},
    {file = "wassima-1.2.2-cp37-abi3-musllinux_1_1_i686.whl", hash = "sha256:d855d0be1759c5efc404c04977ee48a8b6260aef6441e72c10973924dbde5a73"},
    {file = "wassima-1.2.2-cp37-abi3-musllinux_1_1_x86_64.whl", hash = "sha256:58f1fddd660da8c8f30f4b8460129e2f217c226cd1b54b1cabb6465881fd788a"},
    {file = "wassima-1.2.2-cp37-abi3-win32.whl", hash = "sha256:dea0dcc0e50978ef73be8cb384694b71a6e64b46847ee7decad96dc85fbf650c"},
    {file = "wassima-1.2.2-cp37-abi3-win_amd64.whl", hash = "sha256:cb7d43c07d58ba13736e70dc3e064496efeb1ed4475a28afb26b7a3b030b89df"},
    {file = "wassima-1.2.2-cp37-abi3-win_arm64.whl", hash = "sha256:ae2aec9d55e108ae2d22fd0bda24450a6c13c116f9698b9e7ba2c6492c4fe715"},
    {file = "wassima-1.2.2-py3-none-any.whl", hash = "sha256:c0fee0a8593028bde17b57527b1ac21fea74f209b3522363e3ba0197ffaa6323"},
    {file = "wassima-1.2.2.tar.gz", hash = "sha256:f264827618400ebeab16708c8acf7870f693b03bfb4d7e95253eb9b35074db5c"},
]
